
Microsoft Visual Studio Solution File, Format Version 12.00
# Visual Studio Version 17
VisualStudioVersion = 17.5.33530.505
MinimumVisualStudioVersion = 10.0.40219.1
Project("{2150E333-8FDC-42A3-9474-1A3956D46DE8}") = "src", "src", "{6D3497A0-339F-4545-86B8-7E015B468025}"
EndProject
Project("{9A19103F-16F7-4668-BE54-9A1E7A4F7556}") = "ACI.HAM.Api", "src\ACI.HAM.Api\ACI.HAM.Api.csproj", "{C29597BD-2BE6-4E35-B6BF-E3D416AE3661}"
EndProject
Project("{9A19103F-16F7-4668-BE54-9A1E7A4F7556}") = "ACI.HAM.Core", "src\ACI.HAM.Core\ACI.HAM.Core.csproj", "{C658A533-24EC-4586-81E7-C51D2F217945}"
EndProject
Project("{2150E333-8FDC-42A3-9474-1A3956D46DE8}") = "Solution Items", "Solution Items", "{A9D8D97C-B58E-4A12-A7FE-D93A71CFFB73}"
	ProjectSection(SolutionItems) = preProject
		.editorconfig = .editorconfig
		ACI.HAM.ruleset = ACI.HAM.ruleset
		certificate.pfx = certificate.pfx
		Directory.Build.props = Directory.Build.props
		Directory.Packages.props = Directory.Packages.props
	EndProjectSection
EndProject
Project("{9A19103F-16F7-4668-BE54-9A1E7A4F7556}") = "ACI.HAM.Database", "src\ACI.HAM.Database\ACI.HAM.Database.csproj", "{5F40590F-FAC3-4022-B78B-20AFD8A95C6B}"
EndProject
Project("{E53339B2-1760-4266-BCC7-CA923CBCF16C}") = "docker-compose", "docker-compose.dcproj", "{266AA60D-CA90-4B86-ACD3-8B71DE32BB58}"
EndProject
Project("{2150E333-8FDC-42A3-9474-1A3956D46DE8}") = "db", "db", "{1EB0B318-E457-43DC-9457-55F5B9AA0533}"
	ProjectSection(SolutionItems) = preProject
		db\mssql\docker-db-init.sh = db\mssql\docker-db-init.sh
		db\mssql\docker-entrypoint.sh = db\mssql\docker-entrypoint.sh
		db\mssql\mssql-ham.sql = db\mssql\mssql-ham.sql
		db\mssql\scaffold-mssql-db.bat = db\mssql\scaffold-mssql-db.bat
	EndProjectSection
EndProject
Project("{9A19103F-16F7-4668-BE54-9A1E7A4F7556}") = "ACI.HAM.Mail", "src\ACI.HAM.Mail\ACI.HAM.Mail.csproj", "{D9D3E7FD-FB16-47E4-8824-9306D6B5BE68}"
EndProject
Project("{54A90642-561A-4BB1-A94E-469ADEE60C69}") = "ACI.HAM.UI", "src\ACI.HAM.UI\ACI.HAM.UI.esproj", "{32BBA485-3E7B-440C-86C8-234111F1F11A}"
EndProject
Project("{9A19103F-16F7-4668-BE54-9A1E7A4F7556}") = "ACI.HAM.Settings", "src\ACI.HAM.Settings\ACI.HAM.Settings.csproj", "{B80382FD-D076-4D17-B1FF-CF181769F472}"
EndProject
Global
	GlobalSection(SolutionConfigurationPlatforms) = preSolution
		Debug|Any CPU = Debug|Any CPU
		Release|Any CPU = Release|Any CPU
	EndGlobalSection
	GlobalSection(ProjectConfigurationPlatforms) = postSolution
		{C29597BD-2BE6-4E35-B6BF-E3D416AE3661}.Debug|Any CPU.ActiveCfg = Debug|Any CPU
		{C29597BD-2BE6-4E35-B6BF-E3D416AE3661}.Debug|Any CPU.Build.0 = Debug|Any CPU
		{C29597BD-2BE6-4E35-B6BF-E3D416AE3661}.Release|Any CPU.ActiveCfg = Release|Any CPU
		{C29597BD-2BE6-4E35-B6BF-E3D416AE3661}.Release|Any CPU.Build.0 = Release|Any CPU
		{C658A533-24EC-4586-81E7-C51D2F217945}.Debug|Any CPU.ActiveCfg = Debug|Any CPU
		{C658A533-24EC-4586-81E7-C51D2F217945}.Debug|Any CPU.Build.0 = Debug|Any CPU
		{C658A533-24EC-4586-81E7-C51D2F217945}.Release|Any CPU.ActiveCfg = Release|Any CPU
		{C658A533-24EC-4586-81E7-C51D2F217945}.Release|Any CPU.Build.0 = Release|Any CPU
		{5F40590F-FAC3-4022-B78B-20AFD8A95C6B}.Debug|Any CPU.ActiveCfg = Debug|Any CPU
		{5F40590F-FAC3-4022-B78B-20AFD8A95C6B}.Debug|Any CPU.Build.0 = Debug|Any CPU
		{5F40590F-FAC3-4022-B78B-20AFD8A95C6B}.Release|Any CPU.ActiveCfg = Release|Any CPU
		{5F40590F-FAC3-4022-B78B-20AFD8A95C6B}.Release|Any CPU.Build.0 = Release|Any CPU
		{266AA60D-CA90-4B86-ACD3-8B71DE32BB58}.Debug|Any CPU.ActiveCfg = Debug|Any CPU
		{266AA60D-CA90-4B86-ACD3-8B71DE32BB58}.Debug|Any CPU.Build.0 = Debug|Any CPU
		{266AA60D-CA90-4B86-ACD3-8B71DE32BB58}.Release|Any CPU.ActiveCfg = Release|Any CPU
		{266AA60D-CA90-4B86-ACD3-8B71DE32BB58}.Release|Any CPU.Build.0 = Release|Any CPU
		{D9D3E7FD-FB16-47E4-8824-9306D6B5BE68}.Debug|Any CPU.ActiveCfg = Debug|Any CPU
		{D9D3E7FD-FB16-47E4-8824-9306D6B5BE68}.Debug|Any CPU.Build.0 = Debug|Any CPU
		{D9D3E7FD-FB16-47E4-8824-9306D6B5BE68}.Release|Any CPU.ActiveCfg = Release|Any CPU
		{D9D3E7FD-FB16-47E4-8824-9306D6B5BE68}.Release|Any CPU.Build.0 = Release|Any CPU
		{32BBA485-3E7B-440C-86C8-234111F1F11A}.Debug|Any CPU.ActiveCfg = Debug|Any CPU
		{32BBA485-3E7B-440C-86C8-234111F1F11A}.Debug|Any CPU.Build.0 = Debug|Any CPU
		{32BBA485-3E7B-440C-86C8-234111F1F11A}.Debug|Any CPU.Deploy.0 = Debug|Any CPU
		{32BBA485-3E7B-440C-86C8-234111F1F11A}.Release|Any CPU.ActiveCfg = Release|Any CPU
		{32BBA485-3E7B-440C-86C8-234111F1F11A}.Release|Any CPU.Build.0 = Release|Any CPU
		{32BBA485-3E7B-440C-86C8-234111F1F11A}.Release|Any CPU.Deploy.0 = Release|Any CPU
		{B80382FD-D076-4D17-B1FF-CF181769F472}.Debug|Any CPU.ActiveCfg = Debug|Any CPU
		{B80382FD-D076-4D17-B1FF-CF181769F472}.Debug|Any CPU.Build.0 = Debug|Any CPU
		{B80382FD-D076-4D17-B1FF-CF181769F472}.Release|Any CPU.ActiveCfg = Release|Any CPU
		{B80382FD-D076-4D17-B1FF-CF181769F472}.Release|Any CPU.Build.0 = Release|Any CPU
	EndGlobalSection
	GlobalSection(SolutionProperties) = preSolution
		HideSolutionNode = FALSE
	EndGlobalSection
	GlobalSection(NestedProjects) = preSolution
		{C29597BD-2BE6-4E35-B6BF-E3D416AE3661} = {6D3497A0-339F-4545-86B8-7E015B468025}
		{C658A533-24EC-4586-81E7-C51D2F217945} = {6D3497A0-339F-4545-86B8-7E015B468025}
		{5F40590F-FAC3-4022-B78B-20AFD8A95C6B} = {6D3497A0-339F-4545-86B8-7E015B468025}
		{D9D3E7FD-FB16-47E4-8824-9306D6B5BE68} = {6D3497A0-339F-4545-86B8-7E015B468025}
		{32BBA485-3E7B-440C-86C8-234111F1F11A} = {6D3497A0-339F-4545-86B8-7E015B468025}
		{B80382FD-D076-4D17-B1FF-CF181769F472} = {6D3497A0-339F-4545-86B8-7E015B468025}
	EndGlobalSection
	GlobalSection(ExtensibilityGlobals) = postSolution
		SolutionGuid = {FE6D8568-233C-4A49-84FF-2FE6C0DE238C}
	EndGlobalSection
EndGlobal
